
Microsoft Visual Studio Solution File, Format Version 12.00
# Visual Studio Version 17
VisualStudioVersion = 17.4.33205.214
MinimumVisualStudioVersion = 10.0.40219.1
Project("{9A19103F-16F7-4668-BE54-9A1E7A4F7556}") = "TransactionEnrichment", "TransactionEnrichment\TransactionEnrichment.csproj", "{BFF150AC-5A32-471E-9398-6DD90FD4669E}"
EndProject
Project("{FAE04EC0-301F-11D3-BF4B-00C04F79EFBC}") = "TestTransactionEnrichment", "TestTransactionEnrichment\TestTransactionEnrichment.csproj", "{FF793235-15B8-4133-856E-98FEB8F312FA}"
EndProject
Global
	GlobalSection(SolutionConfigurationPlatforms) = preSolution
		Debug|Any CPU = Debug|Any CPU
		Release|Any CPU = Release|Any CPU
	EndGlobalSection
	GlobalSection(ProjectConfigurationPlatforms) = postSolution
		{BFF150AC-5A32-471E-9398-6DD90FD4669E}.Debug|Any CPU.ActiveCfg = Debug|Any CPU
		{BFF150AC-5A32-471E-9398-6DD90FD4669E}.Debug|Any CPU.Build.0 = Debug|Any CPU
		{BFF150AC-5A32-471E-9398-6DD90FD4669E}.Release|Any CPU.ActiveCfg = Release|Any CPU
		{BFF150AC-5A32-471E-9398-6DD90FD4669E}.Release|Any CPU.Build.0 = Release|Any CPU
		{FF793235-15B8-4133-856E-98FEB8F312FA}.Debug|Any CPU.ActiveCfg = Debug|Any CPU
		{FF793235-15B8-4133-856E-98FEB8F312FA}.Debug|Any CPU.Build.0 = Debug|Any CPU
		{FF793235-15B8-4133-856E-98FEB8F312FA}.Release|Any CPU.ActiveCfg = Release|Any CPU
		{FF793235-15B8-4133-856E-98FEB8F312FA}.Release|Any CPU.Build.0 = Release|Any CPU
	EndGlobalSection
	GlobalSection(SolutionProperties) = preSolution
		HideSolutionNode = FALSE
	EndGlobalSection
	GlobalSection(ExtensibilityGlobals) = postSolution
		SolutionGuid = {7AC91D16-298A-49EE-A1B1-50B3C5D3AE2C}
	EndGlobalSection
EndGlobal
